
Microsoft Visual Studio Solution File, Format Version 12.00
# Visual Studio Version 16
VisualStudioVersion = 16.0.31205.134
MinimumVisualStudioVersion = 10.0.40219.1
Project("{FAE04EC0-301F-11D3-BF4B-00C04F79EFBC}") = "EXERCISE 01 - TIMESPAN OPERATIONS", "EXERCISE 01 - TIMESPAN OPERATIONS\EXERCISE 01 - TIMESPAN OPERATIONS.csproj", "{53C94FFE-E5AC-4A7F-AD8B-4E0BCD15BE36}"
EndProject
Global
	GlobalSection(SolutionConfigurationPlatforms) = preSolution
		Debug|Any CPU = Debug|Any CPU
		Release|Any CPU = Release|Any CPU
	EndGlobalSection
	GlobalSection(ProjectConfigurationPlatforms) = postSolution
		{53C94FFE-E5AC-4A7F-AD8B-4E0BCD15BE36}.Debug|Any CPU.ActiveCfg = Debug|Any CPU
		{53C94FFE-E5AC-4A7F-AD8B-4E0BCD15BE36}.Debug|Any CPU.Build.0 = Debug|Any CPU
		{53C94FFE-E5AC-4A7F-AD8B-4E0BCD15BE36}.Release|Any CPU.ActiveCfg = Release|Any CPU
		{53C94FFE-E5AC-4A7F-AD8B-4E0BCD15BE36}.Release|Any CPU.Build.0 = Release|Any CPU
	EndGlobalSection
	GlobalSection(SolutionProperties) = preSolution
		HideSolutionNode = FALSE
	EndGlobalSection
	GlobalSection(ExtensibilityGlobals) = postSolution
		SolutionGuid = {8FB6F6EE-ED24-4972-A4D5-7C50B941080E}
	EndGlobalSection
EndGlobal
